// !$*UTF8*$!
{
	archiveVersion = 1;
	classes = {
	};
	objectVersion = 46;
	objects = {

/* Begin PBXBuildFile section */
		160732D11A8D743100BDCFDE /* AppDelegate.swift in Sources */ = {isa = PBXBuildFile; fileRef = 160732D01A8D743100BDCFDE /* AppDelegate.swift */; };
		160732D31A8D743100BDCFDE /* ViewController.swift in Sources */ = {isa = PBXBuildFile; fileRef = 160732D21A8D743100BDCFDE /* ViewController.swift */; };
		160732D61A8D743100BDCFDE /* Main.storyboard in Resources */ = {isa = PBXBuildFile; fileRef = 160732D41A8D743100BDCFDE /* Main.storyboard */; };
		160732D81A8D743100BDCFDE /* Images.xcassets in Resources */ = {isa = PBXBuildFile; fileRef = 160732D71A8D743100BDCFDE /* Images.xcassets */; };
		160732DB1A8D743100BDCFDE /* LaunchScreen.xib in Resources */ = {isa = PBXBuildFile; fileRef = 160732D91A8D743100BDCFDE /* LaunchScreen.xib */; };
		160732E71A8D743100BDCFDE /* LoopExTests.swift in Sources */ = {isa = PBXBuildFile; fileRef = 160732E61A8D743100BDCFDE /* LoopExTests.swift */; };
		160732F11A8D745400BDCFDE /* LoopEx.swift in Sources */ = {isa = PBXBuildFile; fileRef = 160732F01A8D745400BDCFDE /* LoopEx.swift */; };
/* End PBXBuildFile section */

/* Begin PBXContainerItemProxy section */
		160732E11A8D743100BDCFDE /* PBXContainerItemProxy */ = {
			isa = PBXContainerItemProxy;
			containerPortal = 160732C31A8D743100BDCFDE /* Project object */;
			proxyType = 1;
			remoteGlobalIDString = 160732CA1A8D743100BDCFDE;
			remoteInfo = LoopEx;
		};
/* End PBXContainerItemProxy section */

/* Begin PBXFileReference section */
		160732CB1A8D743100BDCFDE /* LoopEx.app */ = {isa = PBXFileReference; explicitFileType = wrapper.application; includeInIndex = 0; path = LoopEx.app; sourceTree = BUILT_PRODUCTS_DIR; };
		160732CF1A8D743100BDCFDE /* Info.plist */ = {isa = PBXFileReference; lastKnownFileType = text.plist.xml; path = Info.plist; sourceTree = "<group>"; };
		160732D01A8D743100BDCFDE /* AppDelegate.swift */ = {isa = PBXFileReference; lastKnownFileType = sourcecode.swift; path = AppDelegate.swift; sourceTree = "<group>"; };
		160732D21A8D743100BDCFDE /* ViewController.swift */ = {isa = PBXFileReference; lastKnownFileType = sourcecode.swift; path = ViewController.swift; sourceTree = "<group>"; };
		160732D51A8D743100BDCFDE /* Base */ = {isa = PBXFileReference; lastKnownFileType = file.storyboard; name = Base; path = Base.lproj/Main.storyboard; sourceTree = "<group>"; };
		160732D71A8D743100BDCFDE /* Images.xcassets */ = {isa = PBXFileReference; lastKnownFileType = folder.assetcatalog; path = Images.xcassets; sourceTree = "<group>"; };
		160732DA1A8D743100BDCFDE /* Base */ = {isa = PBXFileReference; lastKnownFileType = file.xib; name = Base; path = Base.lproj/LaunchScreen.xib; sourceTree = "<group>"; };
		160732E01A8D743100BDCFDE /* LoopExTests.xctest */ = {isa = PBXFileReference; explicitFileType = wrapper.cfbundle; includeInIndex = 0; path = LoopExTests.xctest; sourceTree = BUILT_PRODUCTS_DIR; };
		160732E51A8D743100BDCFDE /* Info.plist */ = {isa = PBXFileReference; lastKnownFileType = text.plist.xml; path = Info.plist; sourceTree = "<group>"; };
		160732E61A8D743100BDCFDE /* LoopExTests.swift */ = {isa = PBXFileReference; lastKnownFileType = sourcecode.swift; path = LoopExTests.swift; sourceTree = "<group>"; };
		160732F01A8D745400BDCFDE /* LoopEx.swift */ = {isa = PBXFileReference; fileEncoding = 4; lastKnownFileType = sourcecode.swift; path = LoopEx.swift; sourceTree = "<group>"; };
/* End PBXFileReference section */

/* Begin PBXFrameworksBuildPhase section */
		160732C81A8D743100BDCFDE /* Frameworks */ = {
			isa = PBXFrameworksBuildPhase;
			buildActionMask = 2147483647;
			files = (
			);
			runOnlyForDeploymentPostprocessing = 0;
		};
		160732DD1A8D743100BDCFDE /* Frameworks */ = {
			isa = PBXFrameworksBuildPhase;
			buildActionMask = 2147483647;
			files = (
			);
			runOnlyForDeploymentPostprocessing = 0;
		};
/* End PBXFrameworksBuildPhase section */

/* Begin PBXGroup section */
		160732C21A8D743100BDCFDE = {
			isa = PBXGroup;
			children = (
				160732CD1A8D743100BDCFDE /* LoopEx */,
				160732E31A8D743100BDCFDE /* LoopExTests */,
				160732CC1A8D743100BDCFDE /* Products */,
			);
			sourceTree = "<group>";
		};
		160732CC1A8D743100BDCFDE /* Products */ = {
			isa = PBXGroup;
			children = (
				160732CB1A8D743100BDCFDE /* LoopEx.app */,
				160732E01A8D743100BDCFDE /* LoopExTests.xctest */,
			);
			name = Products;
			sourceTree = "<group>";
		};
		160732CD1A8D743100BDCFDE /* LoopEx */ = {
			isa = PBXGroup;
			children = (
				160732D01A8D743100BDCFDE /* AppDelegate.swift */,
				160732D21A8D743100BDCFDE /* ViewController.swift */,
				160732D41A8D743100BDCFDE /* Main.storyboard */,
				160732D71A8D743100BDCFDE /* Images.xcassets */,
				160732D91A8D743100BDCFDE /* LaunchScreen.xib */,
				160732CE1A8D743100BDCFDE /* Supporting Files */,
				160732F01A8D745400BDCFDE /* LoopEx.swift */,
			);
			path = LoopEx;
			sourceTree = "<group>";
		};
		160732CE1A8D743100BDCFDE /* Supporting Files */ = {
			isa = PBXGroup;
			children = (
				160732CF1A8D743100BDCFDE /* Info.plist */,
			);
			name = "Supporting Files";
			sourceTree = "<group>";
		};
		160732E31A8D743100BDCFDE /* LoopExTests */ = {
			isa = PBXGroup;
			children = (
				160732E61A8D743100BDCFDE /* LoopExTests.swift */,
				160732E41A8D743100BDCFDE /* Supporting Files */,
			);
			path = LoopExTests;
			sourceTree = "<group>";
		};
		160732E41A8D743100BDCFDE /* Supporting Files */ = {
			isa = PBXGroup;
			children = (
				160732E51A8D743100BDCFDE /* Info.plist */,
			);
			name = "Supporting Files";
			sourceTree = "<group>";
		};
/* End PBXGroup section */

/* Begin PBXNativeTarget section */
		160732CA1A8D743100BDCFDE /* LoopEx */ = {
			isa = PBXNativeTarget;
			buildConfigurationList = 160732EA1A8D743100BDCFDE /* Build configuration list for PBXNativeTarget "LoopEx" */;
			buildPhases = (
				160732C71A8D743100BDCFDE /* Sources */,
				160732C81A8D743100BDCFDE /* Frameworks */,
				160732C91A8D743100BDCFDE /* Resources */,
			);
			buildRules = (
			);
			dependencies = (
			);
			name = LoopEx;
			productName = LoopEx;
			productReference = 160732CB1A8D743100BDCFDE /* LoopEx.app */;
			productType = "com.apple.product-type.application";
		};
		160732DF1A8D743100BDCFDE /* LoopExTests */ = {
			isa = PBXNativeTarget;
			buildConfigurationList = 160732ED1A8D743100BDCFDE /* Build configuration list for PBXNativeTarget "LoopExTests" */;
			buildPhases = (
				160732DC1A8D743100BDCFDE /* Sources */,
				160732DD1A8D743100BDCFDE /* Frameworks */,
				160732DE1A8D743100BDCFDE /* Resources */,
			);
			buildRules = (
			);
			dependencies = (
				160732E21A8D743100BDCFDE /* PBXTargetDependency */,
			);
			name = LoopExTests;
			productName = LoopExTests;
			productReference = 160732E01A8D743100BDCFDE /* LoopExTests.xctest */;
			productType = "com.apple.product-type.bundle.unit-test";
		};
/* End PBXNativeTarget section */

/* Begin PBXProject section */
		160732C31A8D743100BDCFDE /* Project object */ = {
			isa = PBXProject;
			attributes = {
				LastUpgradeCheck = 0610;
				ORGANIZATIONNAME = "Peppermint Club";
				TargetAttributes = {
					160732CA1A8D743100BDCFDE = {
						CreatedOnToolsVersion = 6.1.1;
					};
					160732DF1A8D743100BDCFDE = {
						CreatedOnToolsVersion = 6.1.1;
						TestTargetID = 160732CA1A8D743100BDCFDE;
					};
				};
			};
			buildConfigurationList = 160732C61A8D743100BDCFDE /* Build configuration list for PBXProject "LoopEx" */;
			compatibilityVersion = "Xcode 3.2";
			developmentRegion = English;
			hasScannedForEncodings = 0;
			knownRegions = (
				en,
				Base,
			);
			mainGroup = 160732C21A8D743100BDCFDE;
			productRefGroup = 160732CC1A8D743100BDCFDE /* Products */;
			projectDirPath = "";
			projectRoot = "";
			targets = (
				160732CA1A8D743100BDCFDE /* LoopEx */,
				160732DF1A8D743100BDCFDE /* LoopExTests */,
			);
		};
/* End PBXProject section */

/* Begin PBXResourcesBuildPhase section */
		160732C91A8D743100BDCFDE /* Resources */ = {
			isa = PBXResourcesBuildPhase;
			buildActionMask = 2147483647;
			files = (
				160732D61A8D743100BDCFDE /* Main.storyboard in Resources */,
				160732DB1A8D743100BDCFDE /* LaunchScreen.xib in Resources */,
				160732D81A8D743100BDCFDE /* Images.xcassets in Resources */,
			);
			runOnlyForDeploymentPostprocessing = 0;
		};
		160732DE1A8D743100BDCFDE /* Resources */ = {
			isa = PBXResourcesBuildPhase;
			buildActionMask = 2147483647;
			files = (
			);
			runOnlyForDeploymentPostprocessing = 0;
		};
/* End PBXResourcesBuildPhase section */

/* Begin PBXSourcesBuildPhase section */
		160732C71A8D743100BDCFDE /* Sources */ = {
			isa = PBXSourcesBuildPhase;
			buildActionMask = 2147483647;
			files = (
				160732D31A8D743100BDCFDE /* ViewController.swift in Sources */,
				160732F11A8D745400BDCFDE /* LoopEx.swift in Sources */,
				160732D11A8D743100BDCFDE /* AppDelegate.swift in Sources */,
			);
			runOnlyForDeploymentPostprocessing = 0;
		};
		160732DC1A8D743100BDCFDE /* Sources */ = {
			isa = PBXSourcesBuildPhase;
			buildActionMask = 2147483647;
			files = (
				160732E71A8D743100BDCFDE /* LoopExTests.swift in Sources */,
			);
			runOnlyForDeploymentPostprocessing = 0;
		};
/* End PBXSourcesBuildPhase section */

/* Begin PBXTargetDependency section */
		160732E21A8D743100BDCFDE /* PBXTargetDependency */ = {
			isa = PBXTargetDependency;
			target = 160732CA1A8D743100BDCFDE /* LoopEx */;
			targetProxy = 160732E11A8D743100BDCFDE /* PBXContainerItemProxy */;
		};
/* End PBXTargetDependency section */

/* Begin PBXVariantGroup section */
		160732D41A8D743100BDCFDE /* Main.storyboard */ = {
			isa = PBXVariantGroup;
			children = (
				160732D51A8D743100BDCFDE /* Base */,
			);
			name = Main.storyboard;
			sourceTree = "<group>";
		};
		160732D91A8D743100BDCFDE /* LaunchScreen.xib */ = {
			isa = PBXVariantGroup;
			children = (
				160732DA1A8D743100BDCFDE /* Base */,
			);
			name = LaunchScreen.xib;
			sourceTree = "<group>";
		};
/* End PBXVariantGroup section */

/* Begin XCBuildConfiguration section */
		160732E81A8D743100BDCFDE /* Debug */ = {
			isa = XCBuildConfiguration;
			buildSettings = {
				ALWAYS_SEARCH_USER_PATHS = NO;
				CLANG_CXX_LANGUAGE_STANDARD = "gnu++0x";
				CLANG_CXX_LIBRARY = "libc++";
				CLANG_ENABLE_MODULES = YES;
				CLANG_ENABLE_OBJC_ARC = YES;
				CLANG_WARN_BOOL_CONVERSION = YES;
				CLANG_WARN_CONSTANT_CONVERSION = YES;
				CLANG_WARN_DIRECT_OBJC_ISA_USAGE = YES_ERROR;
				CLANG_WARN_EMPTY_BODY = YES;
				CLANG_WARN_ENUM_CONVERSION = YES;
				CLANG_WARN_INT_CONVERSION = YES;
				CLANG_WARN_OBJC_ROOT_CLASS = YES_ERROR;
				CLANG_WARN_UNREACHABLE_CODE = YES;
				CLANG_WARN__DUPLICATE_METHOD_MATCH = YES;
				"CODE_SIGN_IDENTITY[sdk=iphoneos*]" = "iPhone Developer";
				COPY_PHASE_STRIP = NO;
				ENABLE_STRICT_OBJC_MSGSEND = YES;
				GCC_C_LANGUAGE_STANDARD = gnu99;
				GCC_DYNAMIC_NO_PIC = NO;
				GCC_OPTIMIZATION_LEVEL = 0;
				GCC_PREPROCESSOR_DEFINITIONS = (
					"DEBUG=1",
					"$(inherited)",
				);
				GCC_SYMBOLS_PRIVATE_EXTERN = NO;
				GCC_WARN_64_TO_32_BIT_CONVERSION = YES;
				GCC_WARN_ABOUT_RETURN_TYPE = YES_ERROR;
				GCC_WARN_UNDECLARED_SELECTOR = YES;
				GCC_WARN_UNINITIALIZED_AUTOS = YES_AGGRESSIVE;
				GCC_WARN_UNUSED_FUNCTION = YES;
				GCC_WARN_UNUSED_VARIABLE = YES;
				IPHONEOS_DEPLOYMENT_TARGET = 8.1;
				MTL_ENABLE_DEBUG_INFO = YES;
				ONLY_ACTIVE_ARCH = YES;
				SDKROOT = iphoneos;
				SWIFT_OPTIMIZATION_LEVEL = "-Onone";
			};
			name = Debug;
		};
		160732E91A8D743100BDCFDE /* Release */ = {
			isa = XCBuildConfiguration;
			buildSettings = {
				ALWAYS_SEARCH_USER_PATHS = NO;
				CLANG_CXX_LANGUAGE_STANDARD = "gnu++0x";
				CLANG_CXX_LIBRARY = "libc++";
				CLANG_ENABLE_MODULES = YES;
				CLANG_ENABLE_OBJC_ARC = YES;
				CLANG_WARN_BOOL_CONVERSION = YES;
				CLANG_WARN_CONSTANT_CONVERSION = YES;
				CLANG_WARN_DIRECT_OBJC_ISA_USAGE = YES_ERROR;
				CLANG_WARN_EMPTY_BODY = YES;
				CLANG_WARN_ENUM_CONVERSION = YES;
				CLANG_WARN_INT_CONVERSION = YES;
				CLANG_WARN_OBJC_ROOT_CLASS = YES_ERROR;
				CLANG_WARN_UNREACHABLE_CODE = YES;
				CLANG_WARN__DUPLICATE_METHOD_MATCH = YES;
				"CODE_SIGN_IDENTITY[sdk=iphoneos*]" = "iPhone Developer";
				COPY_PHASE_STRIP = YES;
				ENABLE_NS_ASSERTIONS = NO;
				ENABLE_STRICT_OBJC_MSGSEND = YES;
				GCC_C_LANGUAGE_STANDARD = gnu99;
				GCC_WARN_64_TO_32_BIT_CONVERSION = YES;
				GCC_WARN_ABOUT_RETURN_TYPE = YES_ERROR;
				GCC_WARN_UNDECLARED_SELECTOR = YES;
				GCC_WARN_UNINITIALIZED_AUTOS = YES_AGGRESSIVE;
				GCC_WARN_UNUSED_FUNCTION = YES;
				GCC_WARN_UNUSED_VARIABLE = YES;
				IPHONEOS_DEPLOYMENT_TARGET = 8.1;
				MTL_ENABLE_DEBUG_INFO = NO;
				SDKROOT = iphoneos;
				VALIDATE_PRODUCT = YES;
			};
			name = Release;
		};
		160732EB1A8D743100BDCFDE /* Debug */ = {
			isa = XCBuildConfiguration;
			buildSettings = {
				ASSETCATALOG_COMPILER_APPICON_NAME = AppIcon;
				INFOPLIST_FILE = LoopEx/Info.plist;
				LD_RUNPATH_SEARCH_PATHS = "$(inherited) @executable_path/Frameworks";
				PRODUCT_NAME = "$(TARGET_NAME)";
			};
			name = Debug;
		};
		160732EC1A8D743100BDCFDE /* Release */ = {
			isa = XCBuildConfiguration;
			buildSettings = {
				ASSETCATALOG_COMPILER_APPICON_NAME = AppIcon;
				INFOPLIST_FILE = LoopEx/Info.plist;
				LD_RUNPATH_SEARCH_PATHS = "$(inherited) @executable_path/Frameworks";
				PRODUCT_NAME = "$(TARGET_NAME)";
			};
			name = Release;
		};
		160732EE1A8D743100BDCFDE /* Debug */ = {
			isa = XCBuildConfiguration;
			buildSettings = {
				BUNDLE_LOADER = "$(TEST_HOST)";
				FRAMEWORK_SEARCH_PATHS = (
					"$(SDKROOT)/Developer/Library/Frameworks",
					"$(inherited)",
				);
				GCC_PREPROCESSOR_DEFINITIONS = (
					"DEBUG=1",
					"$(inherited)",
				);
				INFOPLIST_FILE = LoopExTests/Info.plist;
				LD_RUNPATH_SEARCH_PATHS = "$(inherited) @executable_path/Frameworks @loader_path/Frameworks";
				PRODUCT_NAME = "$(TARGET_NAME)";
				TEST_HOST = "$(BUILT_PRODUCTS_DIR)/LoopEx.app/LoopEx";
			};
			name = Debug;
		};
		160732EF1A8D743100BDCFDE /* Release */ = {
			isa = XCBuildConfiguration;
			buildSettings = {
				BUNDLE_LOADER = "$(TEST_HOST)";
				FRAMEWORK_SEARCH_PATHS = (
					"$(SDKROOT)/Developer/Library/Frameworks",
					"$(inherited)",
				);
				INFOPLIST_FILE = LoopExTests/Info.plist;
				LD_RUNPATH_SEARCH_PATHS = "$(inherited) @executable_path/Frameworks @loader_path/Frameworks";
				PRODUCT_NAME = "$(TARGET_NAME)";
				TEST_HOST = "$(BUILT_PRODUCTS_DIR)/LoopEx.app/LoopEx";
			};
			name = Release;
		};
/* End XCBuildConfiguration section */

/* Begin XCConfigurationList section */
		160732C61A8D743100BDCFDE /* Build configuration list for PBXProject "LoopEx" */ = {
			isa = XCConfigurationList;
			buildConfigurations = (
				160732E81A8D743100BDCFDE /* Debug */,
				160732E91A8D743100BDCFDE /* Release */,
			);
			defaultConfigurationIsVisible = 0;
			defaultConfigurationName = Release;
		};
		160732EA1A8D743100BDCFDE /* Build configuration list for PBXNativeTarget "LoopEx" */ = {
			isa = XCConfigurationList;
			buildConfigurations = (
				160732EB1A8D743100BDCFDE /* Debug */,
				160732EC1A8D743100BDCFDE /* Release */,
			);
			defaultConfigurationIsVisible = 0;
		};
		160732ED1A8D743100BDCFDE /* Build configuration list for PBXNativeTarget "LoopExTests" */ = {
			isa = XCConfigurationList;
			buildConfigurations = (
				160732EE1A8D743100BDCFDE /* Debug */,
				160732EF1A8D743100BDCFDE /* Release */,
			);
			defaultConfigurationIsVisible = 0;
		};
/* End XCConfigurationList section */
	};
	rootObject = 160732C31A8D743100BDCFDE /* Project object */;
}
